// !$*UTF8*$!
{
	archiveVersion = 1;
	classes = {
	};
	objectVersion = 56;
	objects = {

/* Begin PBXBuildFile section */
		267894D1603CEEBE0EC013E3 /* libPods-SwftDemo.a in Frameworks */ = {isa = PBXBuildFile; fileRef = FEDBBE966F63984A7B1824DD /* libPods-SwftDemo.a */; };
		A9097BCC2CB7E6F100A5EE5A /* PlayAudioCotinuouslyManager.swift in Sources */ = {isa = PBXBuildFile; fileRef = A9097BCB2CB7E6F100A5EE5A /* PlayAudioCotinuouslyManager.swift */; };
		A93881072D1D313900CF5658 /* RealTimeApiWebRTCMainVC.xib in Resources */ = {isa = PBXBuildFile; fileRef = A93881062D1D313900CF5658 /* RealTimeApiWebRTCMainVC.xib */; };
		A93881082D1D313900CF5658 /* RealTimeApiWebRTCMainVC.swift in Sources */ = {isa = PBXBuildFile; fileRef = A93881052D1D313900CF5658 /* RealTimeApiWebRTCMainVC.swift */; };
		A98CE87E2C64675A00489AD9 /* Assets.xcassets in Resources */ = {isa = PBXBuildFile; fileRef = A98CE87D2C64675A00489AD9 /* Assets.xcassets */; };
		A98D89792CDC9DEA00389BF4 /* RealTimeApiWebSocketMainVC.swift in Sources */ = {isa = PBXBuildFile; fileRef = A98D89772CDC9DEA00389BF4 /* RealTimeApiWebSocketMainVC.swift */; };
		A98D897A2CDC9DEA00389BF4 /* RealTimeApiWebSocketMainVC.xib in Resources */ = {isa = PBXBuildFile; fileRef = A98D89782CDC9DEA00389BF4 /* RealTimeApiWebSocketMainVC.xib */; };
		A9AA53092CC6363B00493649 /* AudioVisualizerView.swift in Sources */ = {isa = PBXBuildFile; fileRef = A9AA53082CC6363B00493649 /* AudioVisualizerView.swift */; };
		A9AC386E2B04B35E0088D5BB /* AppDelegate.swift in Sources */ = {isa = PBXBuildFile; fileRef = A9AC386D2B04B35E0088D5BB /* AppDelegate.swift */; };
		A9AC387A2B04B35F0088D5BB /* LaunchScreen.storyboard in Resources */ = {isa = PBXBuildFile; fileRef = A9AC38782B04B35F0088D5BB /* LaunchScreen.storyboard */; };
		A9EAFEB12D1D2C4E006A1930 /* RootViewController.xib in Resources */ = {isa = PBXBuildFile; fileRef = A9EAFEB02D1D2C4E006A1930 /* RootViewController.xib */; };
		A9EAFEB22D1D2C4E006A1930 /* RootViewController.swift in Sources */ = {isa = PBXBuildFile; fileRef = A9EAFEAF2D1D2C4E006A1930 /* RootViewController.swift */; };
		A9FFC45B2CB7B799006CBCB7 /* MaciroDefine.swift in Sources */ = {isa = PBXBuildFile; fileRef = A9FFC4582CB7B799006CBCB7 /* MaciroDefine.swift */; };
		A9FFC45C2CB7B799006CBCB7 /* Extention+MBProgress.swift in Sources */ = {isa = PBXBuildFile; fileRef = A9FFC4592CB7B799006CBCB7 /* Extention+MBProgress.swift */; };
		A9FFC4652CB7B95F006CBCB7 /* WebSocketManager.swift in Sources */ = {isa = PBXBuildFile; fileRef = A9FFC4632CB7B95F006CBCB7 /* WebSocketManager.swift */; };
		A9FFC4682CB7BEFD006CBCB7 /* RecordAudioManager.swift in Sources */ = {isa = PBXBuildFile; fileRef = A9FFC4672CB7BEFD006CBCB7 /* RecordAudioManager.swift */; };
/* End PBXBuildFile section */

/* Begin PBXFileReference section */
		A1286BCB17E4CC4715B51B0F /* Pods-SwftDemo.release.xcconfig */ = {isa = PBXFileReference; includeInIndex = 1; lastKnownFileType = text.xcconfig; name = "Pods-SwftDemo.release.xcconfig"; path = "Target Support Files/Pods-SwftDemo/Pods-SwftDemo.release.xcconfig"; sourceTree = "<group>"; };
		A565352AF458640234995DA2 /* Pods-SwftDemo.debug.xcconfig */ = {isa = PBXFileReference; includeInIndex = 1; lastKnownFileType = text.xcconfig; name = "Pods-SwftDemo.debug.xcconfig"; path = "Target Support Files/Pods-SwftDemo/Pods-SwftDemo.debug.xcconfig"; sourceTree = "<group>"; };
		A9097BCB2CB7E6F100A5EE5A /* PlayAudioCotinuouslyManager.swift */ = {isa = PBXFileReference; lastKnownFileType = sourcecode.swift; path = PlayAudioCotinuouslyManager.swift; sourceTree = "<group>"; };
		A93881052D1D313900CF5658 /* RealTimeApiWebRTCMainVC.swift */ = {isa = PBXFileReference; lastKnownFileType = sourcecode.swift; path = RealTimeApiWebRTCMainVC.swift; sourceTree = "<group>"; };
		A93881062D1D313900CF5658 /* RealTimeApiWebRTCMainVC.xib */ = {isa = PBXFileReference; lastKnownFileType = file.xib; path = RealTimeApiWebRTCMainVC.xib; sourceTree = "<group>"; };
		A98CE87D2C64675A00489AD9 /* Assets.xcassets */ = {isa = PBXFileReference; lastKnownFileType = folder.assetcatalog; path = Assets.xcassets; sourceTree = "<group>"; };
		A98D89772CDC9DEA00389BF4 /* RealTimeApiWebSocketMainVC.swift */ = {isa = PBXFileReference; lastKnownFileType = sourcecode.swift; path = RealTimeApiWebSocketMainVC.swift; sourceTree = "<group>"; };
		A98D89782CDC9DEA00389BF4 /* RealTimeApiWebSocketMainVC.xib */ = {isa = PBXFileReference; lastKnownFileType = file.xib; path = RealTimeApiWebSocketMainVC.xib; sourceTree = "<group>"; };
		A9AA53082CC6363B00493649 /* AudioVisualizerView.swift */ = {isa = PBXFileReference; lastKnownFileType = sourcecode.swift; path = AudioVisualizerView.swift; sourceTree = "<group>"; };
		A9AC386A2B04B35E0088D5BB /* SwftDemo.app */ = {isa = PBXFileReference; explicitFileType = wrapper.application; includeInIndex = 0; path = SwftDemo.app; sourceTree = BUILT_PRODUCTS_DIR; };
		A9AC386D2B04B35E0088D5BB /* AppDelegate.swift */ = {isa = PBXFileReference; lastKnownFileType = sourcecode.swift; path = AppDelegate.swift; sourceTree = "<group>"; };
		A9AC38792B04B35F0088D5BB /* Base */ = {isa = PBXFileReference; lastKnownFileType = file.storyboard; name = Base; path = Base.lproj/LaunchScreen.storyboard; sourceTree = "<group>"; };
		A9AC387B2B04B35F0088D5BB /* Info.plist */ = {isa = PBXFileReference; lastKnownFileType = text.plist.xml; path = Info.plist; sourceTree = "<group>"; };
		A9EAFEAF2D1D2C4E006A1930 /* RootViewController.swift */ = {isa = PBXFileReference; lastKnownFileType = sourcecode.swift; path = RootViewController.swift; sourceTree = "<group>"; };
		A9EAFEB02D1D2C4E006A1930 /* RootViewController.xib */ = {isa = PBXFileReference; lastKnownFileType = file.xib; path = RootViewController.xib; sourceTree = "<group>"; };
		A9FFC4582CB7B799006CBCB7 /* MaciroDefine.swift */ = {isa = PBXFileReference; fileEncoding = 4; lastKnownFileType = sourcecode.swift; path = MaciroDefine.swift; sourceTree = "<group>"; };
		A9FFC4592CB7B799006CBCB7 /* Extention+MBProgress.swift */ = {isa = PBXFileReference; fileEncoding = 4; lastKnownFileType = sourcecode.swift; path = "Extention+MBProgress.swift"; sourceTree = "<group>"; };
		A9FFC45F2CB7B7C6006CBCB7 /* SwftDemo-Bridging-Header.h */ = {isa = PBXFileReference; lastKnownFileType = sourcecode.c.h; path = "SwftDemo-Bridging-Header.h"; sourceTree = "<group>"; };
		A9FFC4632CB7B95F006CBCB7 /* WebSocketManager.swift */ = {isa = PBXFileReference; fileEncoding = 4; lastKnownFileType = sourcecode.swift; path = WebSocketManager.swift; sourceTree = "<group>"; };
		A9FFC4672CB7BEFD006CBCB7 /* RecordAudioManager.swift */ = {isa = PBXFileReference; lastKnownFileType = sourcecode.swift; path = RecordAudioManager.swift; sourceTree = "<group>"; };
		FEDBBE966F63984A7B1824DD /* libPods-SwftDemo.a */ = {isa = PBXFileReference; explicitFileType = archive.ar; includeInIndex = 0; path = "libPods-SwftDemo.a"; sourceTree = BUILT_PRODUCTS_DIR; };
/* End PBXFileReference section */

/* Begin PBXFrameworksBuildPhase section */
		A9AC38672B04B35E0088D5BB /* Frameworks */ = {
			isa = PBXFrameworksBuildPhase;
			buildActionMask = 2147483647;
			files = (
				267894D1603CEEBE0EC013E3 /* libPods-SwftDemo.a in Frameworks */,
			);
			runOnlyForDeploymentPostprocessing = 0;
		};
/* End PBXFrameworksBuildPhase section */

/* Begin PBXGroup section */
		7214546A0BCEEC157F05F467 /* Pods */ = {
			isa = PBXGroup;
			children = (
				A565352AF458640234995DA2 /* Pods-SwftDemo.debug.xcconfig */,
				A1286BCB17E4CC4715B51B0F /* Pods-SwftDemo.release.xcconfig */,
			);
			path = Pods;
			sourceTree = "<group>";
		};
		969198B34C8D0669BEAFF056 /* Frameworks */ = {
			isa = PBXGroup;
			children = (
				FEDBBE966F63984A7B1824DD /* libPods-SwftDemo.a */,
			);
			name = Frameworks;
			sourceTree = "<group>";
		};
		A9097BCA2CB7E1E300A5EE5A /* PlayAudio */ = {
			isa = PBXGroup;
			children = (
				A9097BCB2CB7E6F100A5EE5A /* PlayAudioCotinuouslyManager.swift */,
			);
			path = PlayAudio;
			sourceTree = "<group>";
		};
		A93881022D1D302300CF5658 /* RealTim-WebRTC */ = {
			isa = PBXGroup;
			children = (
				A93881052D1D313900CF5658 /* RealTimeApiWebRTCMainVC.swift */,
				A93881062D1D313900CF5658 /* RealTimeApiWebRTCMainVC.xib */,
			);
			path = "RealTim-WebRTC";
			sourceTree = "<group>";
		};
		A9AA53072CC635E800493649 /* AudioVolumeView */ = {
			isa = PBXGroup;
			children = (
				A9AA53082CC6363B00493649 /* AudioVisualizerView.swift */,
			);
			path = AudioVolumeView;
			sourceTree = "<group>";
		};
		A9AC38612B04B35D0088D5BB = {
			isa = PBXGroup;
			children = (
				A9AC386C2B04B35E0088D5BB /* SwftDemo */,
				A9AC386B2B04B35E0088D5BB /* Products */,
				7214546A0BCEEC157F05F467 /* Pods */,
				969198B34C8D0669BEAFF056 /* Frameworks */,
			);
			sourceTree = "<group>";
		};
		A9AC386B2B04B35E0088D5BB /* Products */ = {
			isa = PBXGroup;
			children = (
				A9AC386A2B04B35E0088D5BB /* SwftDemo.app */,
			);
			name = Products;
			sourceTree = "<group>";
		};
		A9AC386C2B04B35E0088D5BB /* SwftDemo */ = {
			isa = PBXGroup;
			children = (
				A9AC386D2B04B35E0088D5BB /* AppDelegate.swift */,
				A9AC38782B04B35F0088D5BB /* LaunchScreen.storyboard */,
				A9EAFEAF2D1D2C4E006A1930 /* RootViewController.swift */,
				A9EAFEB02D1D2C4E006A1930 /* RootViewController.xib */,
				A93881022D1D302300CF5658 /* RealTim-WebRTC */,
				A9EAFEB32D1D2C5B006A1930 /* RealTime-WebSocket */,
				A9FFC4572CB7B773006CBCB7 /* Extention */,
				A9FFC45F2CB7B7C6006CBCB7 /* SwftDemo-Bridging-Header.h */,
				A98CE87D2C64675A00489AD9 /* Assets.xcassets */,
				A9AC387B2B04B35F0088D5BB /* Info.plist */,
			);
			path = SwftDemo;
			sourceTree = "<group>";
		};
		A9EAFEB32D1D2C5B006A1930 /* RealTime-WebSocket */ = {
			isa = PBXGroup;
			children = (
				A98D89772CDC9DEA00389BF4 /* RealTimeApiWebSocketMainVC.swift */,
				A98D89782CDC9DEA00389BF4 /* RealTimeApiWebSocketMainVC.xib */,
				A9FFC4642CB7B95F006CBCB7 /* WebSocket */,
				A9FFC4662CB7BE39006CBCB7 /* RecordAudio */,
				A9097BCA2CB7E1E300A5EE5A /* PlayAudio */,
				A9AA53072CC635E800493649 /* AudioVolumeView */,
			);
			path = "RealTime-WebSocket";
			sourceTree = "<group>";
		};
		A9FFC4572CB7B773006CBCB7 /* Extention */ = {
			isa = PBXGroup;
			children = (
				A9FFC4592CB7B799006CBCB7 /* Extention+MBProgress.swift */,
				A9FFC4582CB7B799006CBCB7 /* MaciroDefine.swift */,
			);
			path = Extention;
			sourceTree = "<group>";
		};
		A9FFC4642CB7B95F006CBCB7 /* WebSocket */ = {
			isa = PBXGroup;
			children = (
				A9FFC4632CB7B95F006CBCB7 /* WebSocketManager.swift */,
			);
			path = WebSocket;
			sourceTree = "<group>";
		};
		A9FFC4662CB7BE39006CBCB7 /* RecordAudio */ = {
			isa = PBXGroup;
			children = (
				A9FFC4672CB7BEFD006CBCB7 /* RecordAudioManager.swift */,
			);
			path = RecordAudio;
			sourceTree = "<group>";
		};
/* End PBXGroup section */

/* Begin PBXNativeTarget section */
		A9AC38692B04B35E0088D5BB /* SwftDemo */ = {
			isa = PBXNativeTarget;
			buildConfigurationList = A9AC387E2B04B35F0088D5BB /* Build configuration list for PBXNativeTarget "SwftDemo" */;
			buildPhases = (
				0BFE3192A9D46CE4062724CE /* [CP] Check Pods Manifest.lock */,
				A9AC38662B04B35E0088D5BB /* Sources */,
				A9AC38672B04B35E0088D5BB /* Frameworks */,
				A9AC38682B04B35E0088D5BB /* Resources */,
				96DEAFD88B70806E8B9CF5E0 /* [CP] Copy Pods Resources */,
				2D2FE882682CCFDF37E7E4AF /* [CP] Embed Pods Frameworks */,
			);
			buildRules = (
			);
			dependencies = (
			);
			name = SwftDemo;
			productName = SwftDemo;
			productReference = A9AC386A2B04B35E0088D5BB /* SwftDemo.app */;
			productType = "com.apple.product-type.application";
		};
/* End PBXNativeTarget section */

/* Begin PBXProject section */
		A9AC38622B04B35D0088D5BB /* Project object */ = {
			isa = PBXProject;
			attributes = {
				BuildIndependentTargetsInParallel = 1;
				LastSwiftUpdateCheck = 1430;
				LastUpgradeCheck = 1430;
				TargetAttributes = {
					A9AC38692B04B35E0088D5BB = {
						CreatedOnToolsVersion = 14.3.1;
						LastSwiftMigration = 1530;
					};
				};
			};
			buildConfigurationList = A9AC38652B04B35D0088D5BB /* Build configuration list for PBXProject "SwftDemo" */;
			compatibilityVersion = "Xcode 14.0";
			developmentRegion = en;
			hasScannedForEncodings = 0;
			knownRegions = (
				en,
				Base,
			);
			mainGroup = A9AC38612B04B35D0088D5BB;
			productRefGroup = A9AC386B2B04B35E0088D5BB /* Products */;
			projectDirPath = "";
			projectRoot = "";
			targets = (
				A9AC38692B04B35E0088D5BB /* SwftDemo */,
			);
		};
/* End PBXProject section */

/* Begin PBXResourcesBuildPhase section */
		A9AC38682B04B35E0088D5BB /* Resources */ = {
			isa = PBXResourcesBuildPhase;
			buildActionMask = 2147483647;
			files = (
				A9AC387A2B04B35F0088D5BB /* LaunchScreen.storyboard in Resources */,
				A98CE87E2C64675A00489AD9 /* Assets.xcassets in Resources */,
				A9EAFEB12D1D2C4E006A1930 /* RootViewController.xib in Resources */,
				A93881072D1D313900CF5658 /* RealTimeApiWebRTCMainVC.xib in Resources */,
				A98D897A2CDC9DEA00389BF4 /* RealTimeApiWebSocketMainVC.xib in Resources */,
			);
			runOnlyForDeploymentPostprocessing = 0;
		};
/* End PBXResourcesBuildPhase section */

/* Begin PBXShellScriptBuildPhase section */
		0BFE3192A9D46CE4062724CE /* [CP] Check Pods Manifest.lock */ = {
			isa = PBXShellScriptBuildPhase;
			buildActionMask = 2147483647;
			files = (
			);
			inputFileListPaths = (
			);
			inputPaths = (
				"${PODS_PODFILE_DIR_PATH}/Podfile.lock",
				"${PODS_ROOT}/Manifest.lock",
			);
			name = "[CP] Check Pods Manifest.lock";
			outputFileListPaths = (
			);
			outputPaths = (
				"$(DERIVED_FILE_DIR)/Pods-SwftDemo-checkManifestLockResult.txt",
			);
			runOnlyForDeploymentPostprocessing = 0;
			shellPath = /bin/sh;
			shellScript = "diff \"${PODS_PODFILE_DIR_PATH}/Podfile.lock\" \"${PODS_ROOT}/Manifest.lock\" > /dev/null\nif [ $? != 0 ] ; then\n    # print error to STDERR\n    echo \"error: The sandbox is not in sync with the Podfile.lock. Run 'pod install' or update your CocoaPods installation.\" >&2\n    exit 1\nfi\n# This output is used by Xcode 'outputs' to avoid re-running this script phase.\necho \"SUCCESS\" > \"${SCRIPT_OUTPUT_FILE_0}\"\n";
			showEnvVarsInLog = 0;
		};
		2D2FE882682CCFDF37E7E4AF /* [CP] Embed Pods Frameworks */ = {
			isa = PBXShellScriptBuildPhase;
			buildActionMask = 2147483647;
			files = (
			);
			inputFileListPaths = (
				"${PODS_ROOT}/Target Support Files/Pods-SwftDemo/Pods-SwftDemo-frameworks-${CONFIGURATION}-input-files.xcfilelist",
			);
			name = "[CP] Embed Pods Frameworks";
			outputFileListPaths = (
				"${PODS_ROOT}/Target Support Files/Pods-SwftDemo/Pods-SwftDemo-frameworks-${CONFIGURATION}-output-files.xcfilelist",
			);
			runOnlyForDeploymentPostprocessing = 0;
			shellPath = /bin/sh;
			shellScript = "\"${PODS_ROOT}/Target Support Files/Pods-SwftDemo/Pods-SwftDemo-frameworks.sh\"\n";
			showEnvVarsInLog = 0;
		};
		96DEAFD88B70806E8B9CF5E0 /* [CP] Copy Pods Resources */ = {
			isa = PBXShellScriptBuildPhase;
			buildActionMask = 2147483647;
			files = (
			);
			inputFileListPaths = (
				"${PODS_ROOT}/Target Support Files/Pods-SwftDemo/Pods-SwftDemo-resources-${CONFIGURATION}-input-files.xcfilelist",
			);
			name = "[CP] Copy Pods Resources";
			outputFileListPaths = (
				"${PODS_ROOT}/Target Support Files/Pods-SwftDemo/Pods-SwftDemo-resources-${CONFIGURATION}-output-files.xcfilelist",
			);
			runOnlyForDeploymentPostprocessing = 0;
			shellPath = /bin/sh;
			shellScript = "\"${PODS_ROOT}/Target Support Files/Pods-SwftDemo/Pods-SwftDemo-resources.sh\"\n";
			showEnvVarsInLog = 0;
		};
/* End PBXShellScriptBuildPhase section */

/* Begin PBXSourcesBuildPhase section */
		A9AC38662B04B35E0088D5BB /* Sources */ = {
			isa = PBXSourcesBuildPhase;
			buildActionMask = 2147483647;
			files = (
				A9AC386E2B04B35E0088D5BB /* AppDelegate.swift in Sources */,
				A9FFC4682CB7BEFD006CBCB7 /* RecordAudioManager.swift in Sources */,
				A9EAFEB22D1D2C4E006A1930 /* RootViewController.swift in Sources */,
				A9FFC45C2CB7B799006CBCB7 /* Extention+MBProgress.swift in Sources */,
				A9097BCC2CB7E6F100A5EE5A /* PlayAudioCotinuouslyManager.swift in Sources */,
				A9FFC45B2CB7B799006CBCB7 /* MaciroDefine.swift in Sources */,
				A93881082D1D313900CF5658 /* RealTimeApiWebRTCMainVC.swift in Sources */,
				A9FFC4652CB7B95F006CBCB7 /* WebSocketManager.swift in Sources */,
				A98D89792CDC9DEA00389BF4 /* RealTimeApiWebSocketMainVC.swift in Sources */,
				A9AA53092CC6363B00493649 /* AudioVisualizerView.swift in Sources */,
			);
			runOnlyForDeploymentPostprocessing = 0;
		};
/* End PBXSourcesBuildPhase section */

/* Begin PBXVariantGroup section */
		A9AC38782B04B35F0088D5BB /* LaunchScreen.storyboard */ = {
			isa = PBXVariantGroup;
			children = (
				A9AC38792B04B35F0088D5BB /* Base */,
			);
			name = LaunchScreen.storyboard;
			sourceTree = "<group>";
		};
/* End PBXVariantGroup section */

/* Begin XCBuildConfiguration section */
		A9AC387C2B04B35F0088D5BB /* Debug */ = {
			isa = XCBuildConfiguration;
			buildSettings = {
				ALWAYS_SEARCH_USER_PATHS = NO;
				CLANG_ANALYZER_NONNULL = YES;
				CLANG_ANALYZER_NUMBER_OBJECT_CONVERSION = YES_AGGRESSIVE;
				CLANG_CXX_LANGUAGE_STANDARD = "gnu++20";
				CLANG_ENABLE_MODULES = YES;
				CLANG_ENABLE_OBJC_ARC = YES;
				CLANG_ENABLE_OBJC_WEAK = YES;
				CLANG_WARN_BLOCK_CAPTURE_AUTORELEASING = YES;
				CLANG_WARN_BOOL_CONVERSION = YES;
				CLANG_WARN_COMMA = YES;
				CLANG_WARN_CONSTANT_CONVERSION = YES;
				CLANG_WARN_DEPRECATED_OBJC_IMPLEMENTATIONS = YES;
				CLANG_WARN_DIRECT_OBJC_ISA_USAGE = YES_ERROR;
				CLANG_WARN_DOCUMENTATION_COMMENTS = YES;
				CLANG_WARN_EMPTY_BODY = YES;
				CLANG_WARN_ENUM_CONVERSION = YES;
				CLANG_WARN_INFINITE_RECURSION = YES;
				CLANG_WARN_INT_CONVERSION = YES;
				CLANG_WARN_NON_LITERAL_NULL_CONVERSION = YES;
				CLANG_WARN_OBJC_IMPLICIT_RETAIN_SELF = YES;
				CLANG_WARN_OBJC_LITERAL_CONVERSION = YES;
				CLANG_WARN_OBJC_ROOT_CLASS = YES_ERROR;
				CLANG_WARN_QUOTED_INCLUDE_IN_FRAMEWORK_HEADER = YES;
				CLANG_WARN_RANGE_LOOP_ANALYSIS = YES;
				CLANG_WARN_STRICT_PROTOTYPES = YES;
				CLANG_WARN_SUSPICIOUS_MOVE = YES;
				CLANG_WARN_UNGUARDED_AVAILABILITY = YES_AGGRESSIVE;
				CLANG_WARN_UNREACHABLE_CODE = YES;
				CLANG_WARN__DUPLICATE_METHOD_MATCH = YES;
				COPY_PHASE_STRIP = NO;
				DEBUG_INFORMATION_FORMAT = dwarf;
				ENABLE_STRICT_OBJC_MSGSEND = YES;
				ENABLE_TESTABILITY = YES;
				GCC_C_LANGUAGE_STANDARD = gnu11;
				GCC_DYNAMIC_NO_PIC = NO;
				GCC_NO_COMMON_BLOCKS = YES;
				GCC_OPTIMIZATION_LEVEL = 0;
				GCC_PREPROCESSOR_DEFINITIONS = (
					"DEBUG=1",
					"$(inherited)",
				);
				GCC_WARN_64_TO_32_BIT_CONVERSION = YES;
				GCC_WARN_ABOUT_RETURN_TYPE = YES_ERROR;
				GCC_WARN_UNDECLARED_SELECTOR = YES;
				GCC_WARN_UNINITIALIZED_AUTOS = YES_AGGRESSIVE;
				GCC_WARN_UNUSED_FUNCTION = YES;
				GCC_WARN_UNUSED_VARIABLE = YES;
				IPHONEOS_DEPLOYMENT_TARGET = 16.4;
				MTL_ENABLE_DEBUG_INFO = INCLUDE_SOURCE;
				MTL_FAST_MATH = YES;
				ONLY_ACTIVE_ARCH = YES;
				SDKROOT = iphoneos;
				SWIFT_ACTIVE_COMPILATION_CONDITIONS = DEBUG;
				SWIFT_OPTIMIZATION_LEVEL = "-Onone";
			};
			name = Debug;
		};
		A9AC387D2B04B35F0088D5BB /* Release */ = {
			isa = XCBuildConfiguration;
			buildSettings = {
				ALWAYS_SEARCH_USER_PATHS = NO;
				CLANG_ANALYZER_NONNULL = YES;
				CLANG_ANALYZER_NUMBER_OBJECT_CONVERSION = YES_AGGRESSIVE;
				CLANG_CXX_LANGUAGE_STANDARD = "gnu++20";
				CLANG_ENABLE_MODULES = YES;
				CLANG_ENABLE_OBJC_ARC = YES;
				CLANG_ENABLE_OBJC_WEAK = YES;
				CLANG_WARN_BLOCK_CAPTURE_AUTORELEASING = YES;
				CLANG_WARN_BOOL_CONVERSION = YES;
				CLANG_WARN_COMMA = YES;
				CLANG_WARN_CONSTANT_CONVERSION = YES;
				CLANG_WARN_DEPRECATED_OBJC_IMPLEMENTATIONS = YES;
				CLANG_WARN_DIRECT_OBJC_ISA_USAGE = YES_ERROR;
				CLANG_WARN_DOCUMENTATION_COMMENTS = YES;
				CLANG_WARN_EMPTY_BODY = YES;
				CLANG_WARN_ENUM_CONVERSION = YES;
				CLANG_WARN_INFINITE_RECURSION = YES;
				CLANG_WARN_INT_CONVERSION = YES;
				CLANG_WARN_NON_LITERAL_NULL_CONVERSION = YES;
				CLANG_WARN_OBJC_IMPLICIT_RETAIN_SELF = YES;
				CLANG_WARN_OBJC_LITERAL_CONVERSION = YES;
				CLANG_WARN_OBJC_ROOT_CLASS = YES_ERROR;
				CLANG_WARN_QUOTED_INCLUDE_IN_FRAMEWORK_HEADER = YES;
				CLANG_WARN_RANGE_LOOP_ANALYSIS = YES;
				CLANG_WARN_STRICT_PROTOTYPES = YES;
				CLANG_WARN_SUSPICIOUS_MOVE = YES;
				CLANG_WARN_UNGUARDED_AVAILABILITY = YES_AGGRESSIVE;
				CLANG_WARN_UNREACHABLE_CODE = YES;
				CLANG_WARN__DUPLICATE_METHOD_MATCH = YES;
				COPY_PHASE_STRIP = NO;
				DEBUG_INFORMATION_FORMAT = "dwarf-with-dsym";
				ENABLE_NS_ASSERTIONS = NO;
				ENABLE_STRICT_OBJC_MSGSEND = YES;
				GCC_C_LANGUAGE_STANDARD = gnu11;
				GCC_NO_COMMON_BLOCKS = YES;
				GCC_WARN_64_TO_32_BIT_CONVERSION = YES;
				GCC_WARN_ABOUT_RETURN_TYPE = YES_ERROR;
				GCC_WARN_UNDECLARED_SELECTOR = YES;
				GCC_WARN_UNINITIALIZED_AUTOS = YES_AGGRESSIVE;
				GCC_WARN_UNUSED_FUNCTION = YES;
				GCC_WARN_UNUSED_VARIABLE = YES;
				IPHONEOS_DEPLOYMENT_TARGET = 16.4;
				MTL_ENABLE_DEBUG_INFO = NO;
				MTL_FAST_MATH = YES;
				SDKROOT = iphoneos;
				SWIFT_COMPILATION_MODE = wholemodule;
				SWIFT_OPTIMIZATION_LEVEL = "-O";
				VALIDATE_PRODUCT = YES;
			};
			name = Release;
		};
		A9AC387F2B04B35F0088D5BB /* Debug */ = {
			isa = XCBuildConfiguration;
			baseConfigurationReference = A565352AF458640234995DA2 /* Pods-SwftDemo.debug.xcconfig */;
			buildSettings = {
				ASSETCATALOG_COMPILER_APPICON_NAME = AppIcon;
				ASSETCATALOG_COMPILER_GLOBAL_ACCENT_COLOR_NAME = AccentColor;
				CLANG_ENABLE_MODULES = YES;
				CODE_SIGN_STYLE = Automatic;
				CURRENT_PROJECT_VERSION = 9;
				DEVELOPMENT_TEAM = GGPE925FNA;
				GENERATE_INFOPLIST_FILE = YES;
				INFOPLIST_FILE = SwftDemo/Info.plist;
				INFOPLIST_KEY_CFBundleDisplayName = Ai_me;
				INFOPLIST_KEY_NSMicrophoneUsageDescription = "App Need";
				INFOPLIST_KEY_UIApplicationSupportsIndirectInputEvents = YES;
				INFOPLIST_KEY_UILaunchStoryboardName = LaunchScreen;
				INFOPLIST_KEY_UISupportedInterfaceOrientations_iPad = "UIInterfaceOrientationPortrait UIInterfaceOrientationPortraitUpsideDown UIInterfaceOrientationLandscapeLeft UIInterfaceOrientationLandscapeRight";
				INFOPLIST_KEY_UISupportedInterfaceOrientations_iPhone = "UIInterfaceOrientationPortrait UIInterfaceOrientationLandscapeLeft UIInterfaceOrientationLandscapeRight";
				IPHONEOS_DEPLOYMENT_TARGET = 14.0;
				LD_RUNPATH_SEARCH_PATHS = (
					"$(inherited)",
					"@executable_path/Frameworks",
				);
				MARKETING_VERSION = 1.0.0;
				PRODUCT_BUNDLE_IDENTIFIER = jinfulai.com.AimeDemo;
				PRODUCT_NAME = "$(TARGET_NAME)";
				SWIFT_EMIT_LOC_STRINGS = YES;
				SWIFT_OBJC_BRIDGING_HEADER = "SwftDemo/SwftDemo-Bridging-Header.h";
				SWIFT_OPTIMIZATION_LEVEL = "-Onone";
				SWIFT_VERSION = 5.0;
				TARGETED_DEVICE_FAMILY = "1,2";
			};
			name = Debug;
		};
		A9AC38802B04B35F0088D5BB /* Release */ = {
			isa = XCBuildConfiguration;
			baseConfigurationReference = A1286BCB17E4CC4715B51B0F /* Pods-SwftDemo.release.xcconfig */;
			buildSettings = {
				ASSETCATALOG_COMPILER_APPICON_NAME = AppIcon;
				ASSETCATALOG_COMPILER_GLOBAL_ACCENT_COLOR_NAME = AccentColor;
				CLANG_ENABLE_MODULES = YES;
				CODE_SIGN_STYLE = Automatic;
				CURRENT_PROJECT_VERSION = 9;
				DEVELOPMENT_TEAM = GGPE925FNA;
				GENERATE_INFOPLIST_FILE = YES;
				INFOPLIST_FILE = SwftDemo/Info.plist;
				INFOPLIST_KEY_CFBundleDisplayName = Ai_me;
				INFOPLIST_KEY_NSMicrophoneUsageDescription = "App Need";
				INFOPLIST_KEY_UIApplicationSupportsIndirectInputEvents = YES;
				INFOPLIST_KEY_UILaunchStoryboardName = LaunchScreen;
				INFOPLIST_KEY_UISupportedInterfaceOrientations_iPad = "UIInterfaceOrientationPortrait UIInterfaceOrientationPortraitUpsideDown UIInterfaceOrientationLandscapeLeft UIInterfaceOrientationLandscapeRight";
				INFOPLIST_KEY_UISupportedInterfaceOrientations_iPhone = "UIInterfaceOrientationPortrait UIInterfaceOrientationLandscapeLeft UIInterfaceOrientationLandscapeRight";
				IPHONEOS_DEPLOYMENT_TARGET = 14.0;
				LD_RUNPATH_SEARCH_PATHS = (
					"$(inherited)",
					"@executable_path/Frameworks",
				);
				MARKETING_VERSION = 1.0.0;
				PRODUCT_BUNDLE_IDENTIFIER = jinfulai.com.AimeDemo;
				PRODUCT_NAME = "$(TARGET_NAME)";
				SWIFT_EMIT_LOC_STRINGS = YES;
				SWIFT_OBJC_BRIDGING_HEADER = "SwftDemo/SwftDemo-Bridging-Header.h";
				SWIFT_VERSION = 5.0;
				TARGETED_DEVICE_FAMILY = "1,2";
			};
			name = Release;
		};
/* End XCBuildConfiguration section */

/* Begin XCConfigurationList section */
		A9AC38652B04B35D0088D5BB /* Build configuration list for PBXProject "SwftDemo" */ = {
			isa = XCConfigurationList;
			buildConfigurations = (
				A9AC387C2B04B35F0088D5BB /* Debug */,
				A9AC387D2B04B35F0088D5BB /* Release */,
			);
			defaultConfigurationIsVisible = 0;
			defaultConfigurationName = Release;
		};
		A9AC387E2B04B35F0088D5BB /* Build configuration list for PBXNativeTarget "SwftDemo" */ = {
			isa = XCConfigurationList;
			buildConfigurations = (
				A9AC387F2B04B35F0088D5BB /* Debug */,
				A9AC38802B04B35F0088D5BB /* Release */,
			);
			defaultConfigurationIsVisible = 0;
			defaultConfigurationName = Release;
		};
/* End XCConfigurationList section */
	};
	rootObject = A9AC38622B04B35D0088D5BB /* Project object */;
}
